
Microsoft Visual Studio Solution File, Format Version 12.00
# Visual Studio Version 16
VisualStudioVersion = 16.0.29926.136
MinimumVisualStudioVersion = 10.0.40219.1
Project("{FAE04EC0-301F-11D3-BF4B-00C04F79EFBC}") = "LearnEnvironmentVariabel", "LearnEnvironmentVariabel.csproj", "{CD628CE7-5E99-4348-A124-7E51EE6476E9}"
EndProject
Global
	GlobalSection(SolutionConfigurationPlatforms) = preSolution
		Debug|Any CPU = Debug|Any CPU
		Release|Any CPU = Release|Any CPU
	EndGlobalSection
	GlobalSection(ProjectConfigurationPlatforms) = postSolution
		{CD628CE7-5E99-4348-A124-7E51EE6476E9}.Debug|Any CPU.ActiveCfg = Debug|Any CPU
		{CD628CE7-5E99-4348-A124-7E51EE6476E9}.Debug|Any CPU.Build.0 = Debug|Any CPU
		{CD628CE7-5E99-4348-A124-7E51EE6476E9}.Release|Any CPU.ActiveCfg = Release|Any CPU
		{CD628CE7-5E99-4348-A124-7E51EE6476E9}.Release|Any CPU.Build.0 = Release|Any CPU
	EndGlobalSection
	GlobalSection(SolutionProperties) = preSolution
		HideSolutionNode = FALSE
	EndGlobalSection
	GlobalSection(ExtensibilityGlobals) = postSolution
		SolutionGuid = {54CCA388-75C6-4C9F-9F89-2AA9B1D5D649}
	EndGlobalSection
EndGlobal
